
Microsoft Visual Studio Solution File, Format Version 12.00
# Visual Studio 15
VisualStudioVersion = 15.0.26430.15
MinimumVisualStudioVersion = 10.0.40219.1
Project("{FAE04EC0-301F-11D3-BF4B-00C04F79EFBC}") = "MyMobileApp.TizenTV", "MyMobileApp\MyMobileApp.TizenTV\MyMobileApp.TizenTV.csproj", "{E20A723D-E703-4911-BF4C-3065D0632991}"
EndProject
Project("{FAE04EC0-301F-11D3-BF4B-00C04F79EFBC}") = "MyMobileApp.TizenMobile", "MyMobileApp\MyMobileApp.TizenMobile\MyMobileApp.TizenMobile.csproj", "{5B14637B-508B-40FB-9B12-B281B0247504}"
EndProject
Project("{FAE04EC0-301F-11D3-BF4B-00C04F79EFBC}") = "MyMobileApp.Android", "MyMobileApp\MyMobileApp.Android\MyMobileApp.Android.csproj", "{B44D09BB-4971-4659-80C5-7876339338C7}"
EndProject
Project("{FAE04EC0-301F-11D3-BF4B-00C04F79EFBC}") = "MyMobileApp.iOS", "MyMobileApp\MyMobileApp.iOS\MyMobileApp.iOS.csproj", "{508170DB-6DC4-43C1-8DB3-755E37228224}"
EndProject
Project("{FAE04EC0-301F-11D3-BF4B-00C04F79EFBC}") = "MyMobileApp.UWP", "MyMobileApp\MyMobileApp.UWP\MyMobileApp.UWP.csproj", "{65D64FBC-7479-463B-AD7F-783DB38E1726}"
EndProject
Project("{FAE04EC0-301F-11D3-BF4B-00C04F79EFBC}") = "MyMobileApp", "MyMobileApp\MyMobileApp\MyMobileApp.csproj", "{4E257DE6-CF54-4B11-A107-C5B5053F89B5}"
EndProject
Global
	GlobalSection(SolutionConfigurationPlatforms) = preSolution
		Ad-Hoc|Any CPU = Ad-Hoc|Any CPU
		Ad-Hoc|ARM = Ad-Hoc|ARM
		Ad-Hoc|iPhone = Ad-Hoc|iPhone
		Ad-Hoc|iPhoneSimulator = Ad-Hoc|iPhoneSimulator
		Ad-Hoc|x64 = Ad-Hoc|x64
		Ad-Hoc|x86 = Ad-Hoc|x86
		AppStore|Any CPU = AppStore|Any CPU
		AppStore|ARM = AppStore|ARM
		AppStore|iPhone = AppStore|iPhone
		AppStore|iPhoneSimulator = AppStore|iPhoneSimulator
		AppStore|x64 = AppStore|x64
		AppStore|x86 = AppStore|x86
		Debug|Any CPU = Debug|Any CPU
		Debug|ARM = Debug|ARM
		Debug|iPhone = Debug|iPhone
		Debug|iPhoneSimulator = Debug|iPhoneSimulator
		Debug|x64 = Debug|x64
		Debug|x86 = Debug|x86
		Release|Any CPU = Release|Any CPU
		Release|ARM = Release|ARM
		Release|iPhone = Release|iPhone
		Release|iPhoneSimulator = Release|iPhoneSimulator
		Release|x64 = Release|x64
		Release|x86 = Release|x86
	EndGlobalSection
	GlobalSection(ProjectConfigurationPlatforms) = postSolution
		{E20A723D-E703-4911-BF4C-3065D0632991}.Ad-Hoc|Any CPU.ActiveCfg = Release|Any CPU
		{E20A723D-E703-4911-BF4C-3065D0632991}.Ad-Hoc|Any CPU.Build.0 = Release|Any CPU
		{E20A723D-E703-4911-BF4C-3065D0632991}.Ad-Hoc|ARM.ActiveCfg = Release|Any CPU
		{E20A723D-E703-4911-BF4C-3065D0632991}.Ad-Hoc|ARM.Build.0 = Release|Any CPU
		{E20A723D-E703-4911-BF4C-3065D0632991}.Ad-Hoc|iPhone.ActiveCfg = Release|Any CPU
		{E20A723D-E703-4911-BF4C-3065D0632991}.Ad-Hoc|iPhone.Build.0 = Release|Any CPU
		{E20A723D-E703-4911-BF4C-3065D0632991}.Ad-Hoc|iPhoneSimulator.ActiveCfg = Release|Any CPU
		{E20A723D-E703-4911-BF4C-3065D0632991}.Ad-Hoc|iPhoneSimulator.Build.0 = Release|Any CPU
		{E20A723D-E703-4911-BF4C-3065D0632991}.Ad-Hoc|x64.ActiveCfg = Release|Any CPU
		{E20A723D-E703-4911-BF4C-3065D0632991}.Ad-Hoc|x64.Build.0 = Release|Any CPU
		{E20A723D-E703-4911-BF4C-3065D0632991}.Ad-Hoc|x86.ActiveCfg = Release|Any CPU
		{E20A723D-E703-4911-BF4C-3065D0632991}.Ad-Hoc|x86.Build.0 = Release|Any CPU
		{E20A723D-E703-4911-BF4C-3065D0632991}.AppStore|Any CPU.ActiveCfg = Release|Any CPU
		{E20A723D-E703-4911-BF4C-3065D0632991}.AppStore|Any CPU.Build.0 = Release|Any CPU
		{E20A723D-E703-4911-BF4C-3065D0632991}.AppStore|ARM.ActiveCfg = Release|Any CPU
		{E20A723D-E703-4911-BF4C-3065D0632991}.AppStore|ARM.Build.0 = Release|Any CPU
		{E20A723D-E703-4911-BF4C-3065D0632991}.AppStore|iPhone.ActiveCfg = Release|Any CPU
		{E20A723D-E703-4911-BF4C-3065D0632991}.AppStore|iPhone.Build.0 = Release|Any CPU
		{E20A723D-E703-4911-BF4C-3065D0632991}.AppStore|iPhoneSimulator.ActiveCfg = Release|Any CPU
		{E20A723D-E703-4911-BF4C-3065D0632991}.AppStore|iPhoneSimulator.Build.0 = Release|Any CPU
		{E20A723D-E703-4911-BF4C-3065D0632991}.AppStore|x64.ActiveCfg = Release|Any CPU
		{E20A723D-E703-4911-BF4C-3065D0632991}.AppStore|x64.Build.0 = Release|Any CPU
		{E20A723D-E703-4911-BF4C-3065D0632991}.AppStore|x86.ActiveCfg = Release|Any CPU
		{E20A723D-E703-4911-BF4C-3065D0632991}.AppStore|x86.Build.0 = Release|Any CPU
		{E20A723D-E703-4911-BF4C-3065D0632991}.Debug|Any CPU.ActiveCfg = Debug|Any CPU
		{E20A723D-E703-4911-BF4C-3065D0632991}.Debug|Any CPU.Build.0 = Debug|Any CPU
		{E20A723D-E703-4911-BF4C-3065D0632991}.Debug|ARM.ActiveCfg = Debug|Any CPU
		{E20A723D-E703-4911-BF4C-3065D0632991}.Debug|ARM.Build.0 = Debug|Any CPU
		{E20A723D-E703-4911-BF4C-3065D0632991}.Debug|iPhone.ActiveCfg = Debug|Any CPU
		{E20A723D-E703-4911-BF4C-3065D0632991}.Debug|iPhone.Build.0 = Debug|Any CPU
		{E20A723D-E703-4911-BF4C-3065D0632991}.Debug|iPhoneSimulator.ActiveCfg = Debug|Any CPU
		{E20A723D-E703-4911-BF4C-3065D0632991}.Debug|iPhoneSimulator.Build.0 = Debug|Any CPU
		{E20A723D-E703-4911-BF4C-3065D0632991}.Debug|x64.ActiveCfg = Debug|Any CPU
		{E20A723D-E703-4911-BF4C-3065D0632991}.Debug|x64.Build.0 = Debug|Any CPU
		{E20A723D-E703-4911-BF4C-3065D0632991}.Debug|x86.ActiveCfg = Debug|Any CPU
		{E20A723D-E703-4911-BF4C-3065D0632991}.Debug|x86.Build.0 = Debug|Any CPU
		{E20A723D-E703-4911-BF4C-3065D0632991}.Release|Any CPU.ActiveCfg = Release|Any CPU
		{E20A723D-E703-4911-BF4C-3065D0632991}.Release|Any CPU.Build.0 = Release|Any CPU
		{E20A723D-E703-4911-BF4C-3065D0632991}.Release|ARM.ActiveCfg = Release|Any CPU
		{E20A723D-E703-4911-BF4C-3065D0632991}.Release|ARM.Build.0 = Release|Any CPU
		{E20A723D-E703-4911-BF4C-3065D0632991}.Release|iPhone.ActiveCfg = Release|Any CPU
		{E20A723D-E703-4911-BF4C-3065D0632991}.Release|iPhone.Build.0 = Release|Any CPU
		{E20A723D-E703-4911-BF4C-3065D0632991}.Release|iPhoneSimulator.ActiveCfg = Release|Any CPU
		{E20A723D-E703-4911-BF4C-3065D0632991}.Release|iPhoneSimulator.Build.0 = Release|Any CPU
		{E20A723D-E703-4911-BF4C-3065D0632991}.Release|x64.ActiveCfg = Release|Any CPU
		{E20A723D-E703-4911-BF4C-3065D0632991}.Release|x64.Build.0 = Release|Any CPU
		{E20A723D-E703-4911-BF4C-3065D0632991}.Release|x86.ActiveCfg = Release|Any CPU
		{E20A723D-E703-4911-BF4C-3065D0632991}.Release|x86.Build.0 = Release|Any CPU
		{5B14637B-508B-40FB-9B12-B281B0247504}.Ad-Hoc|Any CPU.ActiveCfg = Release|Any CPU
		{5B14637B-508B-40FB-9B12-B281B0247504}.Ad-Hoc|Any CPU.Build.0 = Release|Any CPU
		{5B14637B-508B-40FB-9B12-B281B0247504}.Ad-Hoc|ARM.ActiveCfg = Release|Any CPU
		{5B14637B-508B-40FB-9B12-B281B0247504}.Ad-Hoc|ARM.Build.0 = Release|Any CPU
		{5B14637B-508B-40FB-9B12-B281B0247504}.Ad-Hoc|iPhone.ActiveCfg = Release|Any CPU
		{5B14637B-508B-40FB-9B12-B281B0247504}.Ad-Hoc|iPhone.Build.0 = Release|Any CPU
		{5B14637B-508B-40FB-9B12-B281B0247504}.Ad-Hoc|iPhoneSimulator.ActiveCfg = Release|Any CPU
		{5B14637B-508B-40FB-9B12-B281B0247504}.Ad-Hoc|iPhoneSimulator.Build.0 = Release|Any CPU
		{5B14637B-508B-40FB-9B12-B281B0247504}.Ad-Hoc|x64.ActiveCfg = Release|Any CPU
		{5B14637B-508B-40FB-9B12-B281B0247504}.Ad-Hoc|x64.Build.0 = Release|Any CPU
		{5B14637B-508B-40FB-9B12-B281B0247504}.Ad-Hoc|x86.ActiveCfg = Release|Any CPU
		{5B14637B-508B-40FB-9B12-B281B0247504}.Ad-Hoc|x86.Build.0 = Release|Any CPU
		{5B14637B-508B-40FB-9B12-B281B0247504}.AppStore|Any CPU.ActiveCfg = Release|Any CPU
		{5B14637B-508B-40FB-9B12-B281B0247504}.AppStore|Any CPU.Build.0 = Release|Any CPU
		{5B14637B-508B-40FB-9B12-B281B0247504}.AppStore|ARM.ActiveCfg = Release|Any CPU
		{5B14637B-508B-40FB-9B12-B281B0247504}.AppStore|ARM.Build.0 = Release|Any CPU
		{5B14637B-508B-40FB-9B12-B281B0247504}.AppStore|iPhone.ActiveCfg = Release|Any CPU
		{5B14637B-508B-40FB-9B12-B281B0247504}.AppStore|iPhone.Build.0 = Release|Any CPU
		{5B14637B-508B-40FB-9B12-B281B0247504}.AppStore|iPhoneSimulator.ActiveCfg = Release|Any CPU
		{5B14637B-508B-40FB-9B12-B281B0247504}.AppStore|iPhoneSimulator.Build.0 = Release|Any CPU
		{5B14637B-508B-40FB-9B12-B281B0247504}.AppStore|x64.ActiveCfg = Release|Any CPU
		{5B14637B-508B-40FB-9B12-B281B0247504}.AppStore|x64.Build.0 = Release|Any CPU
		{5B14637B-508B-40FB-9B12-B281B0247504}.AppStore|x86.ActiveCfg = Release|Any CPU
		{5B14637B-508B-40FB-9B12-B281B0247504}.AppStore|x86.Build.0 = Release|Any CPU
		{5B14637B-508B-40FB-9B12-B281B0247504}.Debug|Any CPU.ActiveCfg = Debug|Any CPU
		{5B14637B-508B-40FB-9B12-B281B0247504}.Debug|Any CPU.Build.0 = Debug|Any CPU
		{5B14637B-508B-40FB-9B12-B281B0247504}.Debug|ARM.ActiveCfg = Debug|Any CPU
		{5B14637B-508B-40FB-9B12-B281B0247504}.Debug|ARM.Build.0 = Debug|Any CPU
		{5B14637B-508B-40FB-9B12-B281B0247504}.Debug|iPhone.ActiveCfg = Debug|Any CPU
		{5B14637B-508B-40FB-9B12-B281B0247504}.Debug|iPhone.Build.0 = Debug|Any CPU
		{5B14637B-508B-40FB-9B12-B281B0247504}.Debug|iPhoneSimulator.ActiveCfg = Debug|Any CPU
		{5B14637B-508B-40FB-9B12-B281B0247504}.Debug|iPhoneSimulator.Build.0 = Debug|Any CPU
		{5B14637B-508B-40FB-9B12-B281B0247504}.Debug|x64.ActiveCfg = Debug|Any CPU
		{5B14637B-508B-40FB-9B12-B281B0247504}.Debug|x64.Build.0 = Debug|Any CPU
		{5B14637B-508B-40FB-9B12-B281B0247504}.Debug|x86.ActiveCfg = Debug|Any CPU
		{5B14637B-508B-40FB-9B12-B281B0247504}.Debug|x86.Build.0 = Debug|Any CPU
		{5B14637B-508B-40FB-9B12-B281B0247504}.Release|Any CPU.ActiveCfg = Release|Any CPU
		{5B14637B-508B-40FB-9B12-B281B0247504}.Release|Any CPU.Build.0 = Release|Any CPU
		{5B14637B-508B-40FB-9B12-B281B0247504}.Release|ARM.ActiveCfg = Release|Any CPU
		{5B14637B-508B-40FB-9B12-B281B0247504}.Release|ARM.Build.0 = Release|Any CPU
		{5B14637B-508B-40FB-9B12-B281B0247504}.Release|iPhone.ActiveCfg = Release|Any CPU
		{5B14637B-508B-40FB-9B12-B281B0247504}.Release|iPhone.Build.0 = Release|Any CPU
		{5B14637B-508B-40FB-9B12-B281B0247504}.Release|iPhoneSimulator.ActiveCfg = Release|Any CPU
		{5B14637B-508B-40FB-9B12-B281B0247504}.Release|iPhoneSimulator.Build.0 = Release|Any CPU
		{5B14637B-508B-40FB-9B12-B281B0247504}.Release|x64.ActiveCfg = Release|Any CPU
		{5B14637B-508B-40FB-9B12-B281B0247504}.Release|x64.Build.0 = Release|Any CPU
		{5B14637B-508B-40FB-9B12-B281B0247504}.Release|x86.ActiveCfg = Release|Any CPU
		{5B14637B-508B-40FB-9B12-B281B0247504}.Release|x86.Build.0 = Release|Any CPU
		{B44D09BB-4971-4659-80C5-7876339338C7}.Ad-Hoc|Any CPU.ActiveCfg = Release|Any CPU
		{B44D09BB-4971-4659-80C5-7876339338C7}.Ad-Hoc|Any CPU.Build.0 = Release|Any CPU
		{B44D09BB-4971-4659-80C5-7876339338C7}.Ad-Hoc|Any CPU.Deploy.0 = Release|Any CPU
		{B44D09BB-4971-4659-80C5-7876339338C7}.Ad-Hoc|ARM.ActiveCfg = Release|Any CPU
		{B44D09BB-4971-4659-80C5-7876339338C7}.Ad-Hoc|ARM.Build.0 = Release|Any CPU
		{B44D09BB-4971-4659-80C5-7876339338C7}.Ad-Hoc|ARM.Deploy.0 = Release|Any CPU
		{B44D09BB-4971-4659-80C5-7876339338C7}.Ad-Hoc|iPhone.ActiveCfg = Release|Any CPU
		{B44D09BB-4971-4659-80C5-7876339338C7}.Ad-Hoc|iPhone.Build.0 = Release|Any CPU
		{B44D09BB-4971-4659-80C5-7876339338C7}.Ad-Hoc|iPhone.Deploy.0 = Release|Any CPU
		{B44D09BB-4971-4659-80C5-7876339338C7}.Ad-Hoc|iPhoneSimulator.ActiveCfg = Release|Any CPU
		{B44D09BB-4971-4659-80C5-7876339338C7}.Ad-Hoc|iPhoneSimulator.Build.0 = Release|Any CPU
		{B44D09BB-4971-4659-80C5-7876339338C7}.Ad-Hoc|iPhoneSimulator.Deploy.0 = Release|Any CPU
		{B44D09BB-4971-4659-80C5-7876339338C7}.Ad-Hoc|x64.ActiveCfg = Release|Any CPU
		{B44D09BB-4971-4659-80C5-7876339338C7}.Ad-Hoc|x64.Build.0 = Release|Any CPU
		{B44D09BB-4971-4659-80C5-7876339338C7}.Ad-Hoc|x64.Deploy.0 = Release|Any CPU
		{B44D09BB-4971-4659-80C5-7876339338C7}.Ad-Hoc|x86.ActiveCfg = Release|Any CPU
		{B44D09BB-4971-4659-80C5-7876339338C7}.Ad-Hoc|x86.Build.0 = Release|Any CPU
		{B44D09BB-4971-4659-80C5-7876339338C7}.Ad-Hoc|x86.Deploy.0 = Release|Any CPU
		{B44D09BB-4971-4659-80C5-7876339338C7}.AppStore|Any CPU.ActiveCfg = Release|Any CPU
		{B44D09BB-4971-4659-80C5-7876339338C7}.AppStore|Any CPU.Build.0 = Release|Any CPU
		{B44D09BB-4971-4659-80C5-7876339338C7}.AppStore|Any CPU.Deploy.0 = Release|Any CPU
		{B44D09BB-4971-4659-80C5-7876339338C7}.AppStore|ARM.ActiveCfg = Release|Any CPU
		{B44D09BB-4971-4659-80C5-7876339338C7}.AppStore|ARM.Build.0 = Release|Any CPU
		{B44D09BB-4971-4659-80C5-7876339338C7}.AppStore|ARM.Deploy.0 = Release|Any CPU
		{B44D09BB-4971-4659-80C5-7876339338C7}.AppStore|iPhone.ActiveCfg = Release|Any CPU
		{B44D09BB-4971-4659-80C5-7876339338C7}.AppStore|iPhone.Build.0 = Release|Any CPU
		{B44D09BB-4971-4659-80C5-7876339338C7}.AppStore|iPhone.Deploy.0 = Release|Any CPU
		{B44D09BB-4971-4659-80C5-7876339338C7}.AppStore|iPhoneSimulator.ActiveCfg = Release|Any CPU
		{B44D09BB-4971-4659-80C5-7876339338C7}.AppStore|iPhoneSimulator.Build.0 = Release|Any CPU
		{B44D09BB-4971-4659-80C5-7876339338C7}.AppStore|iPhoneSimulator.Deploy.0 = Release|Any CPU
		{B44D09BB-4971-4659-80C5-7876339338C7}.AppStore|x64.ActiveCfg = Release|Any CPU
		{B44D09BB-4971-4659-80C5-7876339338C7}.AppStore|x64.Build.0 = Release|Any CPU
		{B44D09BB-4971-4659-80C5-7876339338C7}.AppStore|x64.Deploy.0 = Release|Any CPU
		{B44D09BB-4971-4659-80C5-7876339338C7}.AppStore|x86.ActiveCfg = Release|Any CPU
		{B44D09BB-4971-4659-80C5-7876339338C7}.AppStore|x86.Build.0 = Release|Any CPU
		{B44D09BB-4971-4659-80C5-7876339338C7}.AppStore|x86.Deploy.0 = Release|Any CPU
		{B44D09BB-4971-4659-80C5-7876339338C7}.Debug|Any CPU.ActiveCfg = Debug|Any CPU
		{B44D09BB-4971-4659-80C5-7876339338C7}.Debug|Any CPU.Build.0 = Debug|Any CPU
		{B44D09BB-4971-4659-80C5-7876339338C7}.Debug|Any CPU.Deploy.0 = Debug|Any CPU
		{B44D09BB-4971-4659-80C5-7876339338C7}.Debug|ARM.ActiveCfg = Debug|Any CPU
		{B44D09BB-4971-4659-80C5-7876339338C7}.Debug|ARM.Build.0 = Debug|Any CPU
		{B44D09BB-4971-4659-80C5-7876339338C7}.Debug|ARM.Deploy.0 = Debug|Any CPU
		{B44D09BB-4971-4659-80C5-7876339338C7}.Debug|iPhone.ActiveCfg = Debug|Any CPU
		{B44D09BB-4971-4659-80C5-7876339338C7}.Debug|iPhone.Build.0 = Debug|Any CPU
		{B44D09BB-4971-4659-80C5-7876339338C7}.Debug|iPhone.Deploy.0 = Debug|Any CPU
		{B44D09BB-4971-4659-80C5-7876339338C7}.Debug|iPhoneSimulator.ActiveCfg = Debug|Any CPU
		{B44D09BB-4971-4659-80C5-7876339338C7}.Debug|iPhoneSimulator.Build.0 = Debug|Any CPU
		{B44D09BB-4971-4659-80C5-7876339338C7}.Debug|iPhoneSimulator.Deploy.0 = Debug|Any CPU
		{B44D09BB-4971-4659-80C5-7876339338C7}.Debug|x64.ActiveCfg = Debug|Any CPU
		{B44D09BB-4971-4659-80C5-7876339338C7}.Debug|x64.Build.0 = Debug|Any CPU
		{B44D09BB-4971-4659-80C5-7876339338C7}.Debug|x64.Deploy.0 = Debug|Any CPU
		{B44D09BB-4971-4659-80C5-7876339338C7}.Debug|x86.ActiveCfg = Debug|Any CPU
		{B44D09BB-4971-4659-80C5-7876339338C7}.Debug|x86.Build.0 = Debug|Any CPU
		{B44D09BB-4971-4659-80C5-7876339338C7}.Debug|x86.Deploy.0 = Debug|Any CPU
		{B44D09BB-4971-4659-80C5-7876339338C7}.Release|Any CPU.ActiveCfg = Release|Any CPU
		{B44D09BB-4971-4659-80C5-7876339338C7}.Release|Any CPU.Build.0 = Release|Any CPU
		{B44D09BB-4971-4659-80C5-7876339338C7}.Release|Any CPU.Deploy.0 = Release|Any CPU
		{B44D09BB-4971-4659-80C5-7876339338C7}.Release|ARM.ActiveCfg = Release|Any CPU
		{B44D09BB-4971-4659-80C5-7876339338C7}.Release|ARM.Build.0 = Release|Any CPU
		{B44D09BB-4971-4659-80C5-7876339338C7}.Release|ARM.Deploy.0 = Release|Any CPU
		{B44D09BB-4971-4659-80C5-7876339338C7}.Release|iPhone.ActiveCfg = Release|Any CPU
		{B44D09BB-4971-4659-80C5-7876339338C7}.Release|iPhone.Build.0 = Release|Any CPU
		{B44D09BB-4971-4659-80C5-7876339338C7}.Release|iPhone.Deploy.0 = Release|Any CPU
		{B44D09BB-4971-4659-80C5-7876339338C7}.Release|iPhoneSimulator.ActiveCfg = Release|Any CPU
		{B44D09BB-4971-4659-80C5-7876339338C7}.Release|iPhoneSimulator.Build.0 = Release|Any CPU
		{B44D09BB-4971-4659-80C5-7876339338C7}.Release|iPhoneSimulator.Deploy.0 = Release|Any CPU
		{B44D09BB-4971-4659-80C5-7876339338C7}.Release|x64.ActiveCfg = Release|Any CPU
		{B44D09BB-4971-4659-80C5-7876339338C7}.Release|x64.Build.0 = Release|Any CPU
		{B44D09BB-4971-4659-80C5-7876339338C7}.Release|x64.Deploy.0 = Release|Any CPU
		{B44D09BB-4971-4659-80C5-7876339338C7}.Release|x86.ActiveCfg = Release|Any CPU
		{B44D09BB-4971-4659-80C5-7876339338C7}.Release|x86.Build.0 = Release|Any CPU
		{B44D09BB-4971-4659-80C5-7876339338C7}.Release|x86.Deploy.0 = Release|Any CPU
		{508170DB-6DC4-43C1-8DB3-755E37228224}.Ad-Hoc|Any CPU.ActiveCfg = Ad-Hoc|iPhone
		{508170DB-6DC4-43C1-8DB3-755E37228224}.Ad-Hoc|ARM.ActiveCfg = Ad-Hoc|iPhone
		{508170DB-6DC4-43C1-8DB3-755E37228224}.Ad-Hoc|iPhone.ActiveCfg = Ad-Hoc|iPhone
		{508170DB-6DC4-43C1-8DB3-755E37228224}.Ad-Hoc|iPhone.Build.0 = Ad-Hoc|iPhone
		{508170DB-6DC4-43C1-8DB3-755E37228224}.Ad-Hoc|iPhoneSimulator.ActiveCfg = Ad-Hoc|iPhoneSimulator
		{508170DB-6DC4-43C1-8DB3-755E37228224}.Ad-Hoc|iPhoneSimulator.Build.0 = Ad-Hoc|iPhoneSimulator
		{508170DB-6DC4-43C1-8DB3-755E37228224}.Ad-Hoc|x64.ActiveCfg = Ad-Hoc|iPhone
		{508170DB-6DC4-43C1-8DB3-755E37228224}.Ad-Hoc|x86.ActiveCfg = Ad-Hoc|iPhone
		{508170DB-6DC4-43C1-8DB3-755E37228224}.AppStore|Any CPU.ActiveCfg = AppStore|iPhone
		{508170DB-6DC4-43C1-8DB3-755E37228224}.AppStore|ARM.ActiveCfg = AppStore|iPhone
		{508170DB-6DC4-43C1-8DB3-755E37228224}.AppStore|iPhone.ActiveCfg = AppStore|iPhone
		{508170DB-6DC4-43C1-8DB3-755E37228224}.AppStore|iPhone.Build.0 = AppStore|iPhone
		{508170DB-6DC4-43C1-8DB3-755E37228224}.AppStore|iPhoneSimulator.ActiveCfg = AppStore|iPhoneSimulator
		{508170DB-6DC4-43C1-8DB3-755E37228224}.AppStore|iPhoneSimulator.Build.0 = AppStore|iPhoneSimulator
		{508170DB-6DC4-43C1-8DB3-755E37228224}.AppStore|x64.ActiveCfg = AppStore|iPhone
		{508170DB-6DC4-43C1-8DB3-755E37228224}.AppStore|x86.ActiveCfg = AppStore|iPhone
		{508170DB-6DC4-43C1-8DB3-755E37228224}.Debug|Any CPU.ActiveCfg = Debug|iPhone
		{508170DB-6DC4-43C1-8DB3-755E37228224}.Debug|ARM.ActiveCfg = Debug|iPhone
		{508170DB-6DC4-43C1-8DB3-755E37228224}.Debug|iPhone.ActiveCfg = Debug|iPhone
		{508170DB-6DC4-43C1-8DB3-755E37228224}.Debug|iPhone.Build.0 = Debug|iPhone
		{508170DB-6DC4-43C1-8DB3-755E37228224}.Debug|iPhoneSimulator.ActiveCfg = Debug|iPhoneSimulator
		{508170DB-6DC4-43C1-8DB3-755E37228224}.Debug|iPhoneSimulator.Build.0 = Debug|iPhoneSimulator
		{508170DB-6DC4-43C1-8DB3-755E37228224}.Debug|x64.ActiveCfg = Debug|iPhone
		{508170DB-6DC4-43C1-8DB3-755E37228224}.Debug|x86.ActiveCfg = Debug|iPhone
		{508170DB-6DC4-43C1-8DB3-755E37228224}.Release|Any CPU.ActiveCfg = Release|iPhone
		{508170DB-6DC4-43C1-8DB3-755E37228224}.Release|ARM.ActiveCfg = Release|iPhone
		{508170DB-6DC4-43C1-8DB3-755E37228224}.Release|iPhone.ActiveCfg = Release|iPhone
		{508170DB-6DC4-43C1-8DB3-755E37228224}.Release|iPhone.Build.0 = Release|iPhone
		{508170DB-6DC4-43C1-8DB3-755E37228224}.Release|iPhoneSimulator.ActiveCfg = Release|iPhoneSimulator
		{508170DB-6DC4-43C1-8DB3-755E37228224}.Release|iPhoneSimulator.Build.0 = Release|iPhoneSimulator
		{508170DB-6DC4-43C1-8DB3-755E37228224}.Release|x64.ActiveCfg = Release|iPhone
		{508170DB-6DC4-43C1-8DB3-755E37228224}.Release|x86.ActiveCfg = Release|iPhone
		{65D64FBC-7479-463B-AD7F-783DB38E1726}.Ad-Hoc|Any CPU.ActiveCfg = Release|x86
		{65D64FBC-7479-463B-AD7F-783DB38E1726}.Ad-Hoc|Any CPU.Build.0 = Release|x86
		{65D64FBC-7479-463B-AD7F-783DB38E1726}.Ad-Hoc|Any CPU.Deploy.0 = Release|x86
		{65D64FBC-7479-463B-AD7F-783DB38E1726}.Ad-Hoc|ARM.ActiveCfg = Release|ARM
		{65D64FBC-7479-463B-AD7F-783DB38E1726}.Ad-Hoc|ARM.Build.0 = Release|ARM
		{65D64FBC-7479-463B-AD7F-783DB38E1726}.Ad-Hoc|ARM.Deploy.0 = Release|ARM
		{65D64FBC-7479-463B-AD7F-783DB38E1726}.Ad-Hoc|iPhone.ActiveCfg = Release|x86
		{65D64FBC-7479-463B-AD7F-783DB38E1726}.Ad-Hoc|iPhone.Build.0 = Release|x86
		{65D64FBC-7479-463B-AD7F-783DB38E1726}.Ad-Hoc|iPhone.Deploy.0 = Release|x86
		{65D64FBC-7479-463B-AD7F-783DB38E1726}.Ad-Hoc|iPhoneSimulator.ActiveCfg = Release|x86
		{65D64FBC-7479-463B-AD7F-783DB38E1726}.Ad-Hoc|iPhoneSimulator.Build.0 = Release|x86
		{65D64FBC-7479-463B-AD7F-783DB38E1726}.Ad-Hoc|iPhoneSimulator.Deploy.0 = Release|x86
		{65D64FBC-7479-463B-AD7F-783DB38E1726}.Ad-Hoc|x64.ActiveCfg = Release|x64
		{65D64FBC-7479-463B-AD7F-783DB38E1726}.Ad-Hoc|x64.Build.0 = Release|x64
		{65D64FBC-7479-463B-AD7F-783DB38E1726}.Ad-Hoc|x64.Deploy.0 = Release|x64
		{65D64FBC-7479-463B-AD7F-783DB38E1726}.Ad-Hoc|x86.ActiveCfg = Release|x86
		{65D64FBC-7479-463B-AD7F-783DB38E1726}.Ad-Hoc|x86.Build.0 = Release|x86
		{65D64FBC-7479-463B-AD7F-783DB38E1726}.Ad-Hoc|x86.Deploy.0 = Release|x86
		{65D64FBC-7479-463B-AD7F-783DB38E1726}.AppStore|Any CPU.ActiveCfg = Release|x86
		{65D64FBC-7479-463B-AD7F-783DB38E1726}.AppStore|Any CPU.Build.0 = Release|x86
		{65D64FBC-7479-463B-AD7F-783DB38E1726}.AppStore|Any CPU.Deploy.0 = Release|x86
		{65D64FBC-7479-463B-AD7F-783DB38E1726}.AppStore|ARM.ActiveCfg = Release|ARM
		{65D64FBC-7479-463B-AD7F-783DB38E1726}.AppStore|ARM.Build.0 = Release|ARM
		{65D64FBC-7479-463B-AD7F-783DB38E1726}.AppStore|ARM.Deploy.0 = Release|ARM
		{65D64FBC-7479-463B-AD7F-783DB38E1726}.AppStore|iPhone.ActiveCfg = Release|x86
		{65D64FBC-7479-463B-AD7F-783DB38E1726}.AppStore|iPhone.Build.0 = Release|x86
		{65D64FBC-7479-463B-AD7F-783DB38E1726}.AppStore|iPhone.Deploy.0 = Release|x86
		{65D64FBC-7479-463B-AD7F-783DB38E1726}.AppStore|iPhoneSimulator.ActiveCfg = Release|x86
		{65D64FBC-7479-463B-AD7F-783DB38E1726}.AppStore|iPhoneSimulator.Build.0 = Release|x86
		{65D64FBC-7479-463B-AD7F-783DB38E1726}.AppStore|iPhoneSimulator.Deploy.0 = Release|x86
		{65D64FBC-7479-463B-AD7F-783DB38E1726}.AppStore|x64.ActiveCfg = Release|x64
		{65D64FBC-7479-463B-AD7F-783DB38E1726}.AppStore|x64.Build.0 = Release|x64
		{65D64FBC-7479-463B-AD7F-783DB38E1726}.AppStore|x64.Deploy.0 = Release|x64
		{65D64FBC-7479-463B-AD7F-783DB38E1726}.AppStore|x86.ActiveCfg = Release|x86
		{65D64FBC-7479-463B-AD7F-783DB38E1726}.AppStore|x86.Build.0 = Release|x86
		{65D64FBC-7479-463B-AD7F-783DB38E1726}.AppStore|x86.Deploy.0 = Release|x86
		{65D64FBC-7479-463B-AD7F-783DB38E1726}.Debug|Any CPU.ActiveCfg = Debug|x86
		{65D64FBC-7479-463B-AD7F-783DB38E1726}.Debug|ARM.ActiveCfg = Debug|ARM
		{65D64FBC-7479-463B-AD7F-783DB38E1726}.Debug|ARM.Build.0 = Debug|ARM
		{65D64FBC-7479-463B-AD7F-783DB38E1726}.Debug|ARM.Deploy.0 = Debug|ARM
		{65D64FBC-7479-463B-AD7F-783DB38E1726}.Debug|iPhone.ActiveCfg = Debug|x86
		{65D64FBC-7479-463B-AD7F-783DB38E1726}.Debug|iPhoneSimulator.ActiveCfg = Debug|x86
		{65D64FBC-7479-463B-AD7F-783DB38E1726}.Debug|x64.ActiveCfg = Debug|x64
		{65D64FBC-7479-463B-AD7F-783DB38E1726}.Debug|x64.Build.0 = Debug|x64
		{65D64FBC-7479-463B-AD7F-783DB38E1726}.Debug|x64.Deploy.0 = Debug|x64
		{65D64FBC-7479-463B-AD7F-783DB38E1726}.Debug|x86.ActiveCfg = Debug|x86
		{65D64FBC-7479-463B-AD7F-783DB38E1726}.Debug|x86.Build.0 = Debug|x86
		{65D64FBC-7479-463B-AD7F-783DB38E1726}.Debug|x86.Deploy.0 = Debug|x86
		{65D64FBC-7479-463B-AD7F-783DB38E1726}.Release|Any CPU.ActiveCfg = Release|x86
		{65D64FBC-7479-463B-AD7F-783DB38E1726}.Release|ARM.ActiveCfg = Release|ARM
		{65D64FBC-7479-463B-AD7F-783DB38E1726}.Release|ARM.Build.0 = Release|ARM
		{65D64FBC-7479-463B-AD7F-783DB38E1726}.Release|ARM.Deploy.0 = Release|ARM
		{65D64FBC-7479-463B-AD7F-783DB38E1726}.Release|iPhone.ActiveCfg = Release|x86
		{65D64FBC-7479-463B-AD7F-783DB38E1726}.Release|iPhoneSimulator.ActiveCfg = Release|x86
		{65D64FBC-7479-463B-AD7F-783DB38E1726}.Release|x64.ActiveCfg = Release|x64
		{65D64FBC-7479-463B-AD7F-783DB38E1726}.Release|x64.Build.0 = Release|x64
		{65D64FBC-7479-463B-AD7F-783DB38E1726}.Release|x64.Deploy.0 = Release|x64
		{65D64FBC-7479-463B-AD7F-783DB38E1726}.Release|x86.ActiveCfg = Release|x86
		{65D64FBC-7479-463B-AD7F-783DB38E1726}.Release|x86.Build.0 = Release|x86
		{65D64FBC-7479-463B-AD7F-783DB38E1726}.Release|x86.Deploy.0 = Release|x86
		{4E257DE6-CF54-4B11-A107-C5B5053F89B5}.Ad-Hoc|Any CPU.ActiveCfg = Debug|Any CPU
		{4E257DE6-CF54-4B11-A107-C5B5053F89B5}.Ad-Hoc|Any CPU.Build.0 = Debug|Any CPU
		{4E257DE6-CF54-4B11-A107-C5B5053F89B5}.Ad-Hoc|ARM.ActiveCfg = Debug|Any CPU
		{4E257DE6-CF54-4B11-A107-C5B5053F89B5}.Ad-Hoc|ARM.Build.0 = Debug|Any CPU
		{4E257DE6-CF54-4B11-A107-C5B5053F89B5}.Ad-Hoc|iPhone.ActiveCfg = Debug|Any CPU
		{4E257DE6-CF54-4B11-A107-C5B5053F89B5}.Ad-Hoc|iPhone.Build.0 = Debug|Any CPU
		{4E257DE6-CF54-4B11-A107-C5B5053F89B5}.Ad-Hoc|iPhoneSimulator.ActiveCfg = Debug|Any CPU
		{4E257DE6-CF54-4B11-A107-C5B5053F89B5}.Ad-Hoc|iPhoneSimulator.Build.0 = Debug|Any CPU
		{4E257DE6-CF54-4B11-A107-C5B5053F89B5}.Ad-Hoc|x64.ActiveCfg = Debug|Any CPU
		{4E257DE6-CF54-4B11-A107-C5B5053F89B5}.Ad-Hoc|x64.Build.0 = Debug|Any CPU
		{4E257DE6-CF54-4B11-A107-C5B5053F89B5}.Ad-Hoc|x86.ActiveCfg = Debug|Any CPU
		{4E257DE6-CF54-4B11-A107-C5B5053F89B5}.Ad-Hoc|x86.Build.0 = Debug|Any CPU
		{4E257DE6-CF54-4B11-A107-C5B5053F89B5}.AppStore|Any CPU.ActiveCfg = Debug|Any CPU
		{4E257DE6-CF54-4B11-A107-C5B5053F89B5}.AppStore|Any CPU.Build.0 = Debug|Any CPU
		{4E257DE6-CF54-4B11-A107-C5B5053F89B5}.AppStore|ARM.ActiveCfg = Debug|Any CPU
		{4E257DE6-CF54-4B11-A107-C5B5053F89B5}.AppStore|ARM.Build.0 = Debug|Any CPU
		{4E257DE6-CF54-4B11-A107-C5B5053F89B5}.AppStore|iPhone.ActiveCfg = Debug|Any CPU
		{4E257DE6-CF54-4B11-A107-C5B5053F89B5}.AppStore|iPhone.Build.0 = Debug|Any CPU
		{4E257DE6-CF54-4B11-A107-C5B5053F89B5}.AppStore|iPhoneSimulator.ActiveCfg = Debug|Any CPU
		{4E257DE6-CF54-4B11-A107-C5B5053F89B5}.AppStore|iPhoneSimulator.Build.0 = Debug|Any CPU
		{4E257DE6-CF54-4B11-A107-C5B5053F89B5}.AppStore|x64.ActiveCfg = Debug|Any CPU
		{4E257DE6-CF54-4B11-A107-C5B5053F89B5}.AppStore|x64.Build.0 = Debug|Any CPU
		{4E257DE6-CF54-4B11-A107-C5B5053F89B5}.AppStore|x86.ActiveCfg = Debug|Any CPU
		{4E257DE6-CF54-4B11-A107-C5B5053F89B5}.AppStore|x86.Build.0 = Debug|Any CPU
		{4E257DE6-CF54-4B11-A107-C5B5053F89B5}.Debug|Any CPU.ActiveCfg = Debug|Any CPU
		{4E257DE6-CF54-4B11-A107-C5B5053F89B5}.Debug|Any CPU.Build.0 = Debug|Any CPU
		{4E257DE6-CF54-4B11-A107-C5B5053F89B5}.Debug|ARM.ActiveCfg = Debug|Any CPU
		{4E257DE6-CF54-4B11-A107-C5B5053F89B5}.Debug|ARM.Build.0 = Debug|Any CPU
		{4E257DE6-CF54-4B11-A107-C5B5053F89B5}.Debug|iPhone.ActiveCfg = Debug|Any CPU
		{4E257DE6-CF54-4B11-A107-C5B5053F89B5}.Debug|iPhone.Build.0 = Debug|Any CPU
		{4E257DE6-CF54-4B11-A107-C5B5053F89B5}.Debug|iPhoneSimulator.ActiveCfg = Debug|Any CPU
		{4E257DE6-CF54-4B11-A107-C5B5053F89B5}.Debug|iPhoneSimulator.Build.0 = Debug|Any CPU
		{4E257DE6-CF54-4B11-A107-C5B5053F89B5}.Debug|x64.ActiveCfg = Debug|Any CPU
		{4E257DE6-CF54-4B11-A107-C5B5053F89B5}.Debug|x64.Build.0 = Debug|Any CPU
		{4E257DE6-CF54-4B11-A107-C5B5053F89B5}.Debug|x86.ActiveCfg = Debug|Any CPU
		{4E257DE6-CF54-4B11-A107-C5B5053F89B5}.Debug|x86.Build.0 = Debug|Any CPU
		{4E257DE6-CF54-4B11-A107-C5B5053F89B5}.Release|Any CPU.ActiveCfg = Release|Any CPU
		{4E257DE6-CF54-4B11-A107-C5B5053F89B5}.Release|Any CPU.Build.0 = Release|Any CPU
		{4E257DE6-CF54-4B11-A107-C5B5053F89B5}.Release|ARM.ActiveCfg = Release|Any CPU
		{4E257DE6-CF54-4B11-A107-C5B5053F89B5}.Release|ARM.Build.0 = Release|Any CPU
		{4E257DE6-CF54-4B11-A107-C5B5053F89B5}.Release|iPhone.ActiveCfg = Release|Any CPU
		{4E257DE6-CF54-4B11-A107-C5B5053F89B5}.Release|iPhone.Build.0 = Release|Any CPU
		{4E257DE6-CF54-4B11-A107-C5B5053F89B5}.Release|iPhoneSimulator.ActiveCfg = Release|Any CPU
		{4E257DE6-CF54-4B11-A107-C5B5053F89B5}.Release|iPhoneSimulator.Build.0 = Release|Any CPU
		{4E257DE6-CF54-4B11-A107-C5B5053F89B5}.Release|x64.ActiveCfg = Release|Any CPU
		{4E257DE6-CF54-4B11-A107-C5B5053F89B5}.Release|x64.Build.0 = Release|Any CPU
		{4E257DE6-CF54-4B11-A107-C5B5053F89B5}.Release|x86.ActiveCfg = Release|Any CPU
		{4E257DE6-CF54-4B11-A107-C5B5053F89B5}.Release|x86.Build.0 = Release|Any CPU
	EndGlobalSection
	GlobalSection(SolutionProperties) = preSolution
		HideSolutionNode = FALSE
	EndGlobalSection
	GlobalSection(ExtensibilityGlobals) = postSolution
		SolutionGuid = {A695D48F-4591-4D16-8022-84E722B4E216}
	EndGlobalSection
EndGlobal
